PODS:
  - AFNetworking (2.5.2):
    - AFNetworking/NSURLConnection (= 2.5.2)
    - AFNetworking/NSURLSession (= 2.5.2)
    - AFNetworking/Reachability (= 2.5.2)
    - AFNetworking/Security (= 2.5.2)
    - AFNetworking/Serialization (= 2.5.2)
    - AFNetworking/UIKit (= 2.5.2)
  - AFNetworking/NSURLConnection (2.5.2):
    - AFNetworking/Reachability
    - AFNetworking/Security
    - AFNetworking/Serialization
  - AFNetworking/NSURLSession (2.5.2):
    - AFNetworking/Reachability
    - AFNetworking/Security
    - AFNetworking/Serialization
  - AFNetworking/Reachability (2.5.2)
  - AFNetworking/Security (2.5.2)
  - AFNetworking/Serialization (2.5.2)
  - AFNetworking/UIKit (2.5.2):
    - AFNetworking/NSURLConnection
    - AFNetworking/NSURLSession
  - FlatUIKit (1.6)
  - GCJSONKit (1.5.0)
  - HJRSeparatableView (1.1.0)
  - Masonry (0.6.1)
  - SDWebImage (3.7.2):
    - SDWebImage/Core (= 3.7.2)
  - SDWebImage/Core (3.7.2)
  - TAOverlay (2.0.1)
  - UITableView+FDTemplateLayoutCell (1.1-beta)

DEPENDENCIES:
  - AFNetworking (~> 2.5.2)
  - FlatUIKit (~> 1.6)
  - GCJSONKit (~> 1.5.0)
  - HJRSeparatableView (~> 1.1.0)
  - Masonry (~> 0.6.1)
  - SDWebImage (~> 3.7.2)
  - TAOverlay (~> 2.0.1)
  - UITableView+FDTemplateLayoutCell (~> 1.1-beta)

SPEC CHECKSUMS:
  AFNetworking: fefbce9660acb17f48ae0011292d4da0f457bf36
  FlatUIKit: a59c93fe2fde5329dfb71dd9317b1b0386d6a178
  GCJSONKit: 8ad0067945efd217af8e610fa09ca0d02283b36b
  HJRSeparatableView: 88defde0d46baab13ab8c858be1433074124954c
  Masonry: 4972309f2f134de9dd312f4dc4a21359b50e6caa
  SDWebImage: 71b7cdc1d1721d6a82ed62889030225f2c249e29
  TAOverlay: 940e37fdb45fbc9acfc73bf1089668367e3b1be6
  UITableView+FDTemplateLayoutCell: 058bc73b876f3bf0fb7f0bcb31c92af7ecd2587c

COCOAPODS: 0.37.0
